
Microsoft Visual Studio Solution File, Format Version 12.00
# Visual Studio 15
VisualStudioVersion = 15.0.28307.489
MinimumVisualStudioVersion = 10.0.40219.1
Project("{8BC9CEB8-8B4A-11D0-8D11-00A0C91BC942}") = "ch01", "ch01\ch01.vcxproj", "{A6FCC925-6C58-4337-AB51-6AE4AC2A3FBA}"
EndProject
Project("{8BC9CEB8-8B4A-11D0-8D11-00A0C91BC942}") = "ch02", "ch002\ch002.vcxproj", "{47F6B75E-C551-4CC7-87D9-39F59B52A618}"
EndProject
Project("{8BC9CEB8-8B4A-11D0-8D11-00A0C91BC942}") = "ch03", "ch03\ch03.vcxproj", "{107FEC1E-9DFA-4B08-8C79-780D61C6A8A9}"
EndProject
Project("{8BC9CEB8-8B4A-11D0-8D11-00A0C91BC942}") = "ch04", "ch04\ch04.vcxproj", "{4578A0D6-28C6-46F7-811F-F0B6ADA0D51A}"
EndProject
Project("{8BC9CEB8-8B4A-11D0-8D11-00A0C91BC942}") = "ch05", "ch05\ch05.vcxproj", "{F1F9A1EF-1640-42C1-8E3A-ADEBCF06E4EF}"
EndProject
Project("{8BC9CEB8-8B4A-11D0-8D11-00A0C91BC942}") = "ch06", "ch06\ch06.vcxproj", "{43894944-D3E0-468C-8CD9-D3DBB335F54D}"
EndProject
Project("{8BC9CEB8-8B4A-11D0-8D11-00A0C91BC942}") = "ch07", "ch07\ch07.vcxproj", "{881C84CC-6375-4EF7-89DF-32CDEDC7C60F}"
EndProject
Global
	GlobalSection(SolutionConfigurationPlatforms) = preSolution
		Debug|x64 = Debug|x64
		Debug|x86 = Debug|x86
		Release|x64 = Release|x64
		Release|x86 = Release|x86
	EndGlobalSection
	GlobalSection(ProjectConfigurationPlatforms) = postSolution
		{A6FCC925-6C58-4337-AB51-6AE4AC2A3FBA}.Debug|x64.ActiveCfg = Debug|x64
		{A6FCC925-6C58-4337-AB51-6AE4AC2A3FBA}.Debug|x64.Build.0 = Debug|x64
		{A6FCC925-6C58-4337-AB51-6AE4AC2A3FBA}.Debug|x86.ActiveCfg = Debug|Win32
		{A6FCC925-6C58-4337-AB51-6AE4AC2A3FBA}.Debug|x86.Build.0 = Debug|Win32
		{A6FCC925-6C58-4337-AB51-6AE4AC2A3FBA}.Release|x64.ActiveCfg = Release|x64
		{A6FCC925-6C58-4337-AB51-6AE4AC2A3FBA}.Release|x64.Build.0 = Release|x64
		{A6FCC925-6C58-4337-AB51-6AE4AC2A3FBA}.Release|x86.ActiveCfg = Release|Win32
		{A6FCC925-6C58-4337-AB51-6AE4AC2A3FBA}.Release|x86.Build.0 = Release|Win32
		{47F6B75E-C551-4CC7-87D9-39F59B52A618}.Debug|x64.ActiveCfg = Debug|x64
		{47F6B75E-C551-4CC7-87D9-39F59B52A618}.Debug|x64.Build.0 = Debug|x64
		{47F6B75E-C551-4CC7-87D9-39F59B52A618}.Debug|x86.ActiveCfg = Debug|Win32
		{47F6B75E-C551-4CC7-87D9-39F59B52A618}.Debug|x86.Build.0 = Debug|Win32
		{47F6B75E-C551-4CC7-87D9-39F59B52A618}.Release|x64.ActiveCfg = Release|x64
		{47F6B75E-C551-4CC7-87D9-39F59B52A618}.Release|x64.Build.0 = Release|x64
		{47F6B75E-C551-4CC7-87D9-39F59B52A618}.Release|x86.ActiveCfg = Release|Win32
		{47F6B75E-C551-4CC7-87D9-39F59B52A618}.Release|x86.Build.0 = Release|Win32
		{107FEC1E-9DFA-4B08-8C79-780D61C6A8A9}.Debug|x64.ActiveCfg = Debug|x64
		{107FEC1E-9DFA-4B08-8C79-780D61C6A8A9}.Debug|x64.Build.0 = Debug|x64
		{107FEC1E-9DFA-4B08-8C79-780D61C6A8A9}.Debug|x86.ActiveCfg = Debug|Win32
		{107FEC1E-9DFA-4B08-8C79-780D61C6A8A9}.Debug|x86.Build.0 = Debug|Win32
		{107FEC1E-9DFA-4B08-8C79-780D61C6A8A9}.Release|x64.ActiveCfg = Release|x64
		{107FEC1E-9DFA-4B08-8C79-780D61C6A8A9}.Release|x64.Build.0 = Release|x64
		{107FEC1E-9DFA-4B08-8C79-780D61C6A8A9}.Release|x86.ActiveCfg = Release|Win32
		{107FEC1E-9DFA-4B08-8C79-780D61C6A8A9}.Release|x86.Build.0 = Release|Win32
		{4578A0D6-28C6-46F7-811F-F0B6ADA0D51A}.Debug|x64.ActiveCfg = Debug|x64
		{4578A0D6-28C6-46F7-811F-F0B6ADA0D51A}.Debug|x64.Build.0 = Debug|x64
		{4578A0D6-28C6-46F7-811F-F0B6ADA0D51A}.Debug|x86.ActiveCfg = Debug|Win32
		{4578A0D6-28C6-46F7-811F-F0B6ADA0D51A}.Debug|x86.Build.0 = Debug|Win32
		{4578A0D6-28C6-46F7-811F-F0B6ADA0D51A}.Release|x64.ActiveCfg = Release|x64
		{4578A0D6-28C6-46F7-811F-F0B6ADA0D51A}.Release|x64.Build.0 = Release|x64
		{4578A0D6-28C6-46F7-811F-F0B6ADA0D51A}.Release|x86.ActiveCfg = Release|Win32
		{4578A0D6-28C6-46F7-811F-F0B6ADA0D51A}.Release|x86.Build.0 = Release|Win32
		{F1F9A1EF-1640-42C1-8E3A-ADEBCF06E4EF}.Debug|x64.ActiveCfg = Debug|x64
		{F1F9A1EF-1640-42C1-8E3A-ADEBCF06E4EF}.Debug|x64.Build.0 = Debug|x64
		{F1F9A1EF-1640-42C1-8E3A-ADEBCF06E4EF}.Debug|x86.ActiveCfg = Debug|Win32
		{F1F9A1EF-1640-42C1-8E3A-ADEBCF06E4EF}.Debug|x86.Build.0 = Debug|Win32
		{F1F9A1EF-1640-42C1-8E3A-ADEBCF06E4EF}.Release|x64.ActiveCfg = Release|x64
		{F1F9A1EF-1640-42C1-8E3A-ADEBCF06E4EF}.Release|x64.Build.0 = Release|x64
		{F1F9A1EF-1640-42C1-8E3A-ADEBCF06E4EF}.Release|x86.ActiveCfg = Release|Win32
		{F1F9A1EF-1640-42C1-8E3A-ADEBCF06E4EF}.Release|x86.Build.0 = Release|Win32
		{43894944-D3E0-468C-8CD9-D3DBB335F54D}.Debug|x64.ActiveCfg = Debug|x64
		{43894944-D3E0-468C-8CD9-D3DBB335F54D}.Debug|x64.Build.0 = Debug|x64
		{43894944-D3E0-468C-8CD9-D3DBB335F54D}.Debug|x86.ActiveCfg = Debug|Win32
		{43894944-D3E0-468C-8CD9-D3DBB335F54D}.Debug|x86.Build.0 = Debug|Win32
		{43894944-D3E0-468C-8CD9-D3DBB335F54D}.Release|x64.ActiveCfg = Release|x64
		{43894944-D3E0-468C-8CD9-D3DBB335F54D}.Release|x64.Build.0 = Release|x64
		{43894944-D3E0-468C-8CD9-D3DBB335F54D}.Release|x86.ActiveCfg = Release|Win32
		{43894944-D3E0-468C-8CD9-D3DBB335F54D}.Release|x86.Build.0 = Release|Win32
		{881C84CC-6375-4EF7-89DF-32CDEDC7C60F}.Debug|x64.ActiveCfg = Debug|x64
		{881C84CC-6375-4EF7-89DF-32CDEDC7C60F}.Debug|x64.Build.0 = Debug|x64
		{881C84CC-6375-4EF7-89DF-32CDEDC7C60F}.Debug|x86.ActiveCfg = Debug|Win32
		{881C84CC-6375-4EF7-89DF-32CDEDC7C60F}.Debug|x86.Build.0 = Debug|Win32
		{881C84CC-6375-4EF7-89DF-32CDEDC7C60F}.Release|x64.ActiveCfg = Release|x64
		{881C84CC-6375-4EF7-89DF-32CDEDC7C60F}.Release|x64.Build.0 = Release|x64
		{881C84CC-6375-4EF7-89DF-32CDEDC7C60F}.Release|x86.ActiveCfg = Release|Win32
		{881C84CC-6375-4EF7-89DF-32CDEDC7C60F}.Release|x86.Build.0 = Release|Win32
	EndGlobalSection
	GlobalSection(SolutionProperties) = preSolution
		HideSolutionNode = FALSE
	EndGlobalSection
	GlobalSection(ExtensibilityGlobals) = postSolution
		SolutionGuid = {5EDAADD0-3C8D-4216-B793-F8438DB5F11F}
	EndGlobalSection
EndGlobal
